
Microsoft Visual Studio Solution File, Format Version 12.00
# Visual Studio Version 17
VisualStudioVersion = 17.5.002.0
MinimumVisualStudioVersion = 10.0.40219.1
Project("{9A19103F-16F7-4668-BE54-9A1E7A4F7556}") = "API", "API.csproj", "{ADF42E40-5AB1-432F-A8B1-567A1A62041C}"
EndProject
Global
	GlobalSection(SolutionConfigurationPlatforms) = preSolution
		Debug|Any CPU = Debug|Any CPU
		Release|Any CPU = Release|Any CPU
	EndGlobalSection
	GlobalSection(ProjectConfigurationPlatforms) = postSolution
		{ADF42E40-5AB1-432F-A8B1-567A1A62041C}.Debug|Any CPU.ActiveCfg = Debug|Any CPU
		{ADF42E40-5AB1-432F-A8B1-567A1A62041C}.Debug|Any CPU.Build.0 = Debug|Any CPU
		{ADF42E40-5AB1-432F-A8B1-567A1A62041C}.Release|Any CPU.ActiveCfg = Release|Any CPU
		{ADF42E40-5AB1-432F-A8B1-567A1A62041C}.Release|Any CPU.Build.0 = Release|Any CPU
	EndGlobalSection
	GlobalSection(SolutionProperties) = preSolution
		HideSolutionNode = FALSE
	EndGlobalSection
	GlobalSection(ExtensibilityGlobals) = postSolution
		SolutionGuid = {8C08C1C4-BF0E-4578-B713-B54B2CEC36B5}
	EndGlobalSection
EndGlobal
